GEM
  remote: http://gemcutter.org/
  specs:
    activemodel (3.0.0.rc)
      activesupport (= 3.0.0.rc)
      builder (~> 2.1.2)
      i18n (~> 0.4.1)
    activesupport (3.0.0.rc)
    bson (1.0.4)
    bson_ext (1.0.4)
    builder (2.1.2)
    database_cleaner (0.5.2)
    diff-lcs (1.1.2)
    gemcutter (0.6.1)
    git (1.2.5)
    i18n (0.4.1)
    jeweler (1.4.0)
      gemcutter (>= 0.1.0)
      git (>= 1.2.5)
      rubyforge (>= 2.0.0)
    json_pure (1.4.3)
    mongo (1.0.6)
      bson (>= 1.0.4)
    mongoid (2.0.0.beta.14)
      activemodel (= 3.0.0.rc)
      bson (= 1.0.4)
      mongo (= 1.0.6)
      tzinfo (= 0.3.22)
      will_paginate (~> 3.0.pre)
    rspec (2.0.0.beta.16)
      rspec-core (= 2.0.0.beta.16)
      rspec-expectations (= 2.0.0.beta.16)
      rspec-mocks (= 2.0.0.beta.16)
    rspec-core (2.0.0.beta.16)
    rspec-expectations (2.0.0.beta.16)
      diff-lcs (>= 1.1.2)
    rspec-mocks (2.0.0.beta.16)
    rubyforge (2.0.4)
      json_pure (>= 1.1.7)
    tzinfo (0.3.22)
    will_paginate (3.0.pre2)

PLATFORMS
  ruby

DEPENDENCIES
  bson_ext (~> 1.0.1)
  database_cleaner (~> 0.5.2)
  jeweler (~> 1.4.0)
  mongoid (= 2.0.0.beta.14)
  rspec (= 2.0.0.beta.16)
